
Microsoft Visual Studio Solution File, Format Version 12.00
# Visual Studio 15
VisualStudioVersion = 15.0.26730.12
MinimumVisualStudioVersion = 10.0.40219.1
Project("{FAE04EC0-301F-11D3-BF4B-00C04F79EFBC}") = "stringReverse", "stringReverse\stringReverse.csproj", "{74B9ECB3-3A82-4C60-8F51-330E9DA55AAA}"
EndProject
Global
	GlobalSection(SolutionConfigurationPlatforms) = preSolution
		Debug|Any CPU = Debug|Any CPU
		Release|Any CPU = Release|Any CPU
	EndGlobalSection
	GlobalSection(ProjectConfigurationPlatforms) = postSolution
		{74B9ECB3-3A82-4C60-8F51-330E9DA55AAA}.Debug|Any CPU.ActiveCfg = Debug|Any CPU
		{74B9ECB3-3A82-4C60-8F51-330E9DA55AAA}.Debug|Any CPU.Build.0 = Debug|Any CPU
		{74B9ECB3-3A82-4C60-8F51-330E9DA55AAA}.Release|Any CPU.ActiveCfg = Release|Any CPU
		{74B9ECB3-3A82-4C60-8F51-330E9DA55AAA}.Release|Any CPU.Build.0 = Release|Any CPU
	EndGlobalSection
	GlobalSection(SolutionProperties) = preSolution
		HideSolutionNode = FALSE
	EndGlobalSection
	GlobalSection(ExtensibilityGlobals) = postSolution
		SolutionGuid = {C737826E-9CAA-4870-AF11-863976F8204B}
	EndGlobalSection
EndGlobal
