
Microsoft Visual Studio Solution File, Format Version 12.00
# Visual Studio 15
VisualStudioVersion = 15.0.26730.12
MinimumVisualStudioVersion = 10.0.40219.1
Project("{FAE04EC0-301F-11D3-BF4B-00C04F79EFBC}") = "FIndMiddle", "FIndMiddle\FIndMiddle.csproj", "{00AB985C-8369-4140-89C2-07E9DF2DAF89}"
EndProject
Global
	GlobalSection(SolutionConfigurationPlatforms) = preSolution
		Debug|Any CPU = Debug|Any CPU
		Release|Any CPU = Release|Any CPU
	EndGlobalSection
	GlobalSection(ProjectConfigurationPlatforms) = postSolution
		{00AB985C-8369-4140-89C2-07E9DF2DAF89}.Debug|Any CPU.ActiveCfg = Debug|Any CPU
		{00AB985C-8369-4140-89C2-07E9DF2DAF89}.Debug|Any CPU.Build.0 = Debug|Any CPU
		{00AB985C-8369-4140-89C2-07E9DF2DAF89}.Release|Any CPU.ActiveCfg = Release|Any CPU
		{00AB985C-8369-4140-89C2-07E9DF2DAF89}.Release|Any CPU.Build.0 = Release|Any CPU
	EndGlobalSection
	GlobalSection(SolutionProperties) = preSolution
		HideSolutionNode = FALSE
	EndGlobalSection
	GlobalSection(ExtensibilityGlobals) = postSolution
		SolutionGuid = {B89BF21E-8908-4F04-B68A-ED968DEBF050}
	EndGlobalSection
EndGlobal
